
Microsoft Visual Studio Solution File, Format Version 12.00
# Visual Studio Version 17
VisualStudioVersion = 17.11.35327.3
MinimumVisualStudioVersion = 10.0.40219.1
Project("{9A19103F-16F7-4668-BE54-9A1E7A4F7556}") = "OpenMcdf", "OpenMcdf\OpenMcdf.csproj", "{B90DDE7E-803A-4890-82F0-09DAD0FF66D8}"
EndProject
Project("{9A19103F-16F7-4668-BE54-9A1E7A4F7556}") = "OpenMcdf.Tests", "OpenMcdf.Tests\OpenMcdf.Tests.csproj", "{96A9DA9C-E4C2-4531-A2E4-154F1FBF7532}"
EndProject
Project("{2150E333-8FDC-42A3-9474-1A3956D46DE8}") = "Solution Items", "Solution Items", "{34030FA7-0A06-43D1-85DD-ADD39D502C3C}"
	ProjectSection(SolutionItems) = preProject
		.editorconfig = .editorconfig
		Directory.Build.props = Directory.Build.props
		Directory.Build.targets = Directory.Build.targets
		Directory.csproj.props = Directory.csproj.props
		Directory.csproj.targets = Directory.csproj.targets
		exclusion.dic = exclusion.dic
		README.md = README.md
	EndProjectSection
EndProject
Project("{9A19103F-16F7-4668-BE54-9A1E7A4F7556}") = "OpenMcdf.Benchmarks", "OpenMcdf.Benchmarks\OpenMcdf.Benchmarks.csproj", "{44C718AD-F7FE-4733-80A8-636E5E7E63F3}"
EndProject
Project("{9A19103F-16F7-4668-BE54-9A1E7A4F7556}") = "OpenMcdf.Perf", "OpenMcdf.Perf\OpenMcdf.Perf.csproj", "{8167F453-A244-4FE2-9B33-A7B80B1B7AB1}"
EndProject
Project("{9A19103F-16F7-4668-BE54-9A1E7A4F7556}") = "StructuredStorage", "StructuredStorage\StructuredStorage.csproj", "{D7861D73-B42C-403E-9B9E-F921BC70F0D3}"
EndProject
Project("{9A19103F-16F7-4668-BE54-9A1E7A4F7556}") = "OpenMcdf.Ole", "OpenMcdf.Ole\OpenMcdf.Ole.csproj", "{06FFA945-128E-43FA-B541-38987BC1E0D5}"
EndProject
Project("{9A19103F-16F7-4668-BE54-9A1E7A4F7556}") = "StructuredStorageExplorer", "StructuredStorageExplorer\StructuredStorageExplorer.csproj", "{D5DDCC19-80C4-40D2-AEBF-2DA1CCB1D543}"
EndProject
Project("{FAE04EC0-301F-11D3-BF4B-00C04F79EFBC}") = "OpenMcdf.Ole.Tests", "OpenMcdf.Ole.Tests\OpenMcdf.Ole.Tests.csproj", "{34F153C4-3EFA-4D6E-B860-AEE300CCCF98}"
EndProject
Global
	GlobalSection(SolutionConfigurationPlatforms) = preSolution
		Debug|Any CPU = Debug|Any CPU
		Release|Any CPU = Release|Any CPU
	EndGlobalSection
	GlobalSection(ProjectConfigurationPlatforms) = postSolution
		{B90DDE7E-803A-4890-82F0-09DAD0FF66D8}.Debug|Any CPU.ActiveCfg = Debug|Any CPU
		{B90DDE7E-803A-4890-82F0-09DAD0FF66D8}.Debug|Any CPU.Build.0 = Debug|Any CPU
		{B90DDE7E-803A-4890-82F0-09DAD0FF66D8}.Release|Any CPU.ActiveCfg = Release|Any CPU
		{B90DDE7E-803A-4890-82F0-09DAD0FF66D8}.Release|Any CPU.Build.0 = Release|Any CPU
		{96A9DA9C-E4C2-4531-A2E4-154F1FBF7532}.Debug|Any CPU.ActiveCfg = Debug|Any CPU
		{96A9DA9C-E4C2-4531-A2E4-154F1FBF7532}.Debug|Any CPU.Build.0 = Debug|Any CPU
		{96A9DA9C-E4C2-4531-A2E4-154F1FBF7532}.Release|Any CPU.ActiveCfg = Release|Any CPU
		{96A9DA9C-E4C2-4531-A2E4-154F1FBF7532}.Release|Any CPU.Build.0 = Release|Any CPU
		{44C718AD-F7FE-4733-80A8-636E5E7E63F3}.Debug|Any CPU.ActiveCfg = Debug|Any CPU
		{44C718AD-F7FE-4733-80A8-636E5E7E63F3}.Debug|Any CPU.Build.0 = Debug|Any CPU
		{44C718AD-F7FE-4733-80A8-636E5E7E63F3}.Release|Any CPU.ActiveCfg = Release|Any CPU
		{44C718AD-F7FE-4733-80A8-636E5E7E63F3}.Release|Any CPU.Build.0 = Release|Any CPU
		{8167F453-A244-4FE2-9B33-A7B80B1B7AB1}.Debug|Any CPU.ActiveCfg = Debug|Any CPU
		{8167F453-A244-4FE2-9B33-A7B80B1B7AB1}.Debug|Any CPU.Build.0 = Debug|Any CPU
		{8167F453-A244-4FE2-9B33-A7B80B1B7AB1}.Release|Any CPU.ActiveCfg = Release|Any CPU
		{8167F453-A244-4FE2-9B33-A7B80B1B7AB1}.Release|Any CPU.Build.0 = Release|Any CPU
		{D7861D73-B42C-403E-9B9E-F921BC70F0D3}.Debug|Any CPU.ActiveCfg = Debug|Any CPU
		{D7861D73-B42C-403E-9B9E-F921BC70F0D3}.Debug|Any CPU.Build.0 = Debug|Any CPU
		{D7861D73-B42C-403E-9B9E-F921BC70F0D3}.Release|Any CPU.ActiveCfg = Release|Any CPU
		{D7861D73-B42C-403E-9B9E-F921BC70F0D3}.Release|Any CPU.Build.0 = Release|Any CPU
		{06FFA945-128E-43FA-B541-38987BC1E0D5}.Debug|Any CPU.ActiveCfg = Debug|Any CPU
		{06FFA945-128E-43FA-B541-38987BC1E0D5}.Debug|Any CPU.Build.0 = Debug|Any CPU
		{06FFA945-128E-43FA-B541-38987BC1E0D5}.Release|Any CPU.ActiveCfg = Release|Any CPU
		{06FFA945-128E-43FA-B541-38987BC1E0D5}.Release|Any CPU.Build.0 = Release|Any CPU
		{D5DDCC19-80C4-40D2-AEBF-2DA1CCB1D543}.Debug|Any CPU.ActiveCfg = Debug|Any CPU
		{D5DDCC19-80C4-40D2-AEBF-2DA1CCB1D543}.Debug|Any CPU.Build.0 = Debug|Any CPU
		{D5DDCC19-80C4-40D2-AEBF-2DA1CCB1D543}.Release|Any CPU.ActiveCfg = Release|Any CPU
		{D5DDCC19-80C4-40D2-AEBF-2DA1CCB1D543}.Release|Any CPU.Build.0 = Release|Any CPU
		{34F153C4-3EFA-4D6E-B860-AEE300CCCF98}.Debug|Any CPU.ActiveCfg = Debug|Any CPU
		{34F153C4-3EFA-4D6E-B860-AEE300CCCF98}.Debug|Any CPU.Build.0 = Debug|Any CPU
		{34F153C4-3EFA-4D6E-B860-AEE300CCCF98}.Release|Any CPU.ActiveCfg = Release|Any CPU
		{34F153C4-3EFA-4D6E-B860-AEE300CCCF98}.Release|Any CPU.Build.0 = Release|Any CPU
	EndGlobalSection
	GlobalSection(SolutionProperties) = preSolution
		HideSolutionNode = FALSE
	EndGlobalSection
	GlobalSection(ExtensibilityGlobals) = postSolution
		SolutionGuid = {927A4DA2-8926-4AC2-A48C-976978B5F2AA}
	EndGlobalSection
EndGlobal
