
Microsoft Visual Studio Solution File, Format Version 10.00
# Visual Studio 2008
Project("{FAE04EC0-301F-11D3-BF4B-00C04F79EFBC}") = "OLECompoundFileStorage", "OLECompoundFileStorage\OLECompoundFileStorage.csproj", "{56E15D4A-8A37-4C7C-BB44-FD59AFF220C1}"
EndProject
Project("{FAE04EC0-301F-11D3-BF4B-00C04F79EFBC}") = "StructuredStorageExplorer", "TESTOpenMCDF\StructuredStorageExplorer.csproj", "{4F6323A8-9C06-4D94-808F-EBD69B8370D7}"
EndProject
Project("{FAE04EC0-301F-11D3-BF4B-00C04F79EFBC}") = "OLECFSTest", "OLECFSTest\OLECFSTest.csproj", "{95FDC40C-B933-4D66-9009-0209ADBA44CB}"
EndProject
Global
	GlobalSection(SolutionConfigurationPlatforms) = preSolution
		Debug|Any CPU = Debug|Any CPU
		Release|Any CPU = Release|Any CPU
	EndGlobalSection
	GlobalSection(ProjectConfigurationPlatforms) = postSolution
		{56E15D4A-8A37-4C7C-BB44-FD59AFF220C1}.Debug|Any CPU.ActiveCfg = Debug|Any CPU
		{56E15D4A-8A37-4C7C-BB44-FD59AFF220C1}.Debug|Any CPU.Build.0 = Debug|Any CPU
		{56E15D4A-8A37-4C7C-BB44-FD59AFF220C1}.Release|Any CPU.ActiveCfg = Release|Any CPU
		{56E15D4A-8A37-4C7C-BB44-FD59AFF220C1}.Release|Any CPU.Build.0 = Release|Any CPU
		{4F6323A8-9C06-4D94-808F-EBD69B8370D7}.Debug|Any CPU.ActiveCfg = Debug|Any CPU
		{4F6323A8-9C06-4D94-808F-EBD69B8370D7}.Debug|Any CPU.Build.0 = Debug|Any CPU
		{4F6323A8-9C06-4D94-808F-EBD69B8370D7}.Release|Any CPU.ActiveCfg = Release|Any CPU
		{4F6323A8-9C06-4D94-808F-EBD69B8370D7}.Release|Any CPU.Build.0 = Release|Any CPU
		{95FDC40C-B933-4D66-9009-0209ADBA44CB}.Debug|Any CPU.ActiveCfg = Debug|Any CPU
		{95FDC40C-B933-4D66-9009-0209ADBA44CB}.Debug|Any CPU.Build.0 = Debug|Any CPU
		{95FDC40C-B933-4D66-9009-0209ADBA44CB}.Release|Any CPU.ActiveCfg = Release|Any CPU
		{95FDC40C-B933-4D66-9009-0209ADBA44CB}.Release|Any CPU.Build.0 = Release|Any CPU
	EndGlobalSection
	GlobalSection(SolutionProperties) = preSolution
		HideSolutionNode = FALSE
	EndGlobalSection
EndGlobal
